<?xml version="1.0" encoding="utf-8"?>
<Project ToolsVersion="4.0" xmlns="http://schemas.microsoft.com/developer/msbuild/2003">
  <ItemGroup>
    <ClInclude Include="Rasterizer.h" />
    <ClInclude Include="Quadtree.h" />
    <ClInclude Include="QuadExclusions.h" />
    <ClInclude Include="LineStripLoader.h" />
    <ClInclude Include="ContourTiler.h" />
    <ClInclude Include="ColorMapper.h" />
    <ClInclude Include="CloseContourRanker.h" />
    <ClInclude Include="Settings.h" />
    <ClInclude Include="Point.h">
      <Filter>dto</Filter>
    </ClInclude>
    <ClInclude Include="Index.h">
      <Filter>dto</Filter>
    </ClInclude>
    <ClInclude Include="LineStrip.h">
      <Filter>dto</Filter>
    </ClInclude>
  </ItemGroup>
  <ItemGroup>
    <ClCompile Include="CloseContourRanker.cpp" />
    <ClCompile Include="ColorMapper.cpp" />
    <ClCompile Include="ContourTiler.cpp" />
    <ClCompile Include="LineStripLoader.cpp" />
    <ClCompile Include="QuadExclusions.cpp" />
    <ClCompile Include="Quadtree.cpp" />
    <ClCompile Include="Rasterizer.cpp" />
    <ClCompile Include="stb_implementations.cpp" />
    <ClCompile Include="Settings.cpp" />
  </ItemGroup>
  <ItemGroup>
    <Filter Include="dto">
      <UniqueIdentifier>{ed3bced4-ce96-400a-9ce1-baa6e1bc0f0d}</UniqueIdentifier>
    </Filter>
  </ItemGroup>
</Project>